{
  "name": "y",
  "version": "1.0.0",
  "lockfileVersion": 1,
  "requires": true,
  "dependencies": {
    "@types/node": {
      "version": "14.14.19",
      "resolved": "https://registry.npm.taobao.org/@types/node/download/@types/node-14.14.19.tgz?cache=0&sync_timestamp=1609521945581&other_urls=https%3A%2F%2Fregistry.npm.taobao.org%2F%40types%2Fnode%2Fdownload%2F%40types%2Fnode-14.14.19.tgz",
      "integrity": "sha1-UTUXaoMwuI7OTpqx/c/ApUW0urQ="
    },
    "arangojs": {
      "version": "7.2.0",
      "resolved": "https://registry.npm.taobao.org/arangojs/download/arangojs-7.2.0.tgz",
      "integrity": "sha1-5XaSa0s0acWhMMzrpF+tqLXwFdE=",
      "requires": {
        "@types/node": ">=13.13.4",
        "es6-error": "^4.0.1",
        "multi-part": "^3.0.0",
        "x3-linkedlist": "1.2.0",
        "xhr": "^2.4.1"
      }
    },
    "dom-walk": {
      "version": "0.1.2",
      "resolved": "https://registry.npm.taobao.org/dom-walk/download/dom-walk-0.1.2.tgz",
      "integrity": "sha1-DFSL7wSPTR8qlySQAiNgYNqj/YQ="
    },
    "es6-error": {
      "version": "4.1.1",
      "resolved": "https://registry.npm.taobao.org/es6-error/download/es6-error-4.1.1.tgz",
      "integrity": "sha1-njr0B0Wd7tR+mpH5uIWoTrBcVh0="
    },
    "file-type": {
      "version": "12.4.2",
      "resolved": "https://registry.npm.taobao.org/file-type/download/file-type-12.4.2.tgz?cache=0&sync_timestamp=1608546844585&other_urls=https%3A%2F%2Fregistry.npm.taobao.org%2Ffile-type%2Fdownload%2Ffile-type-12.4.2.tgz",
      "integrity": "sha1-o0TqVmSh0BRH7n+xtjX3L+thadk="
    },
    "global": {
      "version": "4.4.0",
      "resolved": "https://registry.npm.taobao.org/global/download/global-4.4.0.tgz",
      "integrity": "sha1-PnsQUXkAajI+1xqvyj6cV6XMZAY=",
      "requires": {
        "min-document": "^2.19.0",
        "process": "^0.11.10"
      }
    },
    "is-function": {
      "version": "1.0.2",
      "resolved": "https://registry.npm.taobao.org/is-function/download/is-function-1.0.2.tgz",
      "integrity": "sha1-Twl/MKv2762smDOxfKXcA/gUTgg="
    },
    "mime-db": {
      "version": "1.45.0",
      "resolved": "https://registry.npm.taobao.org/mime-db/download/mime-db-1.45.0.tgz?cache=0&sync_timestamp=1600831212519&other_urls=https%3A%2F%2Fregistry.npm.taobao.org%2Fmime-db%2Fdownload%2Fmime-db-1.45.0.tgz",
      "integrity": "sha1-zO7aIczXw6dF66LezVXUtz54eeo="
    },
    "mime-kind": {
      "version": "3.0.0",
      "resolved": "https://registry.npm.taobao.org/mime-kind/download/mime-kind-3.0.0.tgz",
      "integrity": "sha1-I7s6ugPtah6oxPYJOpx6txIanLI=",
      "requires": {
        "file-type": "^12.1.0",
        "mime-types": "^2.1.24"
      }
    },
    "mime-types": {
      "version": "2.1.28",
      "resolved": "https://registry.npm.taobao.org/mime-types/download/mime-types-2.1.28.tgz?cache=0&sync_timestamp=1609559936613&other_urls=https%3A%2F%2Fregistry.npm.taobao.org%2Fmime-types%2Fdownload%2Fmime-types-2.1.28.tgz",
      "integrity": "sha1-EWDEdX6rLFNjiI4AUnPs950qDs0=",
      "requires": {
        "mime-db": "1.45.0"
      }
    },
    "min-document": {
      "version": "2.19.0",
      "resolved": "https://registry.npm.taobao.org/min-document/download/min-document-2.19.0.tgz",
      "integrity": "sha1-e9KC4/WELtKVu3SM3Z8f+iyCRoU=",
      "requires": {
        "dom-walk": "^0.1.0"
      }
    },
    "multi-part": {
      "version": "3.0.0",
      "resolved": "https://registry.npm.taobao.org/multi-part/download/multi-part-3.0.0.tgz",
      "integrity": "sha1-K944bowdzJ8VoidyZ6f17ROqDMA=",
      "requires": {
        "mime-kind": "^3.0.0",
        "multi-part-lite": "^1.0.0"
      }
    },
    "multi-part-lite": {
      "version": "1.0.0",
      "resolved": "https://registry.npm.taobao.org/multi-part-lite/download/multi-part-lite-1.0.0.tgz",
      "integrity": "sha1-e4a6+P+D7yDKE/Emmg81rsQrkAA="
    },
    "parse-headers": {
      "version": "2.0.3",
      "resolved": "https://registry.npm.taobao.org/parse-headers/download/parse-headers-2.0.3.tgz",
      "integrity": "sha1-Xo51Ejg9FAugLwx6qfSbQ5nJJRU="
    },
    "process": {
      "version": "0.11.10",
      "resolved": "https://registry.npm.taobao.org/process/download/process-0.11.10.tgz",
      "integrity": "sha1-czIwDoQBYb2j5podHZGn1LwW8YI="
    },
    "x3-linkedlist": {
      "version": "1.2.0",
      "resolved": "https://registry.npm.taobao.org/x3-linkedlist/download/x3-linkedlist-1.2.0.tgz",
      "integrity": "sha1-xwRnVZt8dIWV8PeSIq8dcJQCaZ4="
    },
    "xhr": {
      "version": "2.6.0",
      "resolved": "https://registry.npm.taobao.org/xhr/download/xhr-2.6.0.tgz",
      "integrity": "sha1-tp1DleeStBc9a33wd/D8Xk4rJJ0=",
      "requires": {
        "global": "~4.4.0",
        "is-function": "^1.0.1",
        "parse-headers": "^2.0.0",
        "xtend": "^4.0.0"
      }
    },
    "xtend": {
      "version": "4.0.2",
      "resolved": "https://registry.npm.taobao.org/xtend/download/xtend-4.0.2.tgz",
      "integrity": "sha1-u3J3n1+kZRhrH0OPZ0+jR/2121Q="
    }
  }
}
